
Microsoft Visual Studio Solution File, Format Version 12.00
# Visual Studio 15
VisualStudioVersion = 15.0.27130.2036
MinimumVisualStudioVersion = 10.0.40219.1
Project("{2150E333-8FDC-42A3-9474-1A3956D46DE8}") = "src", "src", "{CC42CC8A-A3BC-4913-90A0-1AF2213A870F}"
EndProject
Project("{2150E333-8FDC-42A3-9474-1A3956D46DE8}") = "global", "global", "{4DB760CF-B8F8-44F5-A674-6FBD19961D8C}"
	ProjectSection(SolutionItems) = preProject
		.gitattributes = .gitattributes
		.gitignore = .gitignore
		.travis.yml = .travis.yml
		CHANGELOG.md = CHANGELOG.md
		LICENSE = LICENSE
		README.md = README.md
	EndProjectSection
EndProject
Project("{9A19103F-16F7-4668-BE54-9A1E7A4F7556}") = "Rhisis.Login", "src\Rhisis.Login\Rhisis.Login.csproj", "{7064124A-C71A-4A0F-8A94-31A93F0F9F35}"
EndProject
Project("{9A19103F-16F7-4668-BE54-9A1E7A4F7556}") = "Rhisis.Core", "src\Rhisis.Core\Rhisis.Core.csproj", "{8E25C9DB-9DE2-4198-83A0-1F37CAEC14A7}"
EndProject
Project("{9A19103F-16F7-4668-BE54-9A1E7A4F7556}") = "Rhisis.Cluster", "src\Rhisis.Cluster\Rhisis.Cluster.csproj", "{FBE66FAC-A0D2-41C4-BF57-ABA3515DBCFA}"
EndProject
Project("{9A19103F-16F7-4668-BE54-9A1E7A4F7556}") = "Rhisis.World", "src\Rhisis.World\Rhisis.World.csproj", "{90EC02CB-0215-402D-8813-F5DF2D3C040F}"
EndProject
Project("{9A19103F-16F7-4668-BE54-9A1E7A4F7556}") = "Rhisis.Database", "src\Rhisis.Database\Rhisis.Database.csproj", "{BCEBC9E7-33D1-48D6-9760-8EB582FF631B}"
EndProject
Project("{2150E333-8FDC-42A3-9474-1A3956D46DE8}") = "test", "test", "{696B755D-111E-4A7D-8AB8-AD4CA07E9213}"
EndProject
Project("{9A19103F-16F7-4668-BE54-9A1E7A4F7556}") = "Rhisis.Core.Test", "test\Rhisis.Core.Test\Rhisis.Core.Test.csproj", "{F02CEA01-3C7D-44EA-8662-7E922868C26C}"
EndProject
Project("{9A19103F-16F7-4668-BE54-9A1E7A4F7556}") = "Rhisis.Database.Test", "test\Rhisis.Database.Test\Rhisis.Database.Test.csproj", "{FEB2159B-A891-4129-9E4A-76063E5AD05A}"
EndProject
Project("{2150E333-8FDC-42A3-9474-1A3956D46DE8}") = "tools", "tools", "{33862335-9BF3-4985-81B2-4136B4CAB46C}"
EndProject
Project("{9A19103F-16F7-4668-BE54-9A1E7A4F7556}") = "Rhisis.CLI", "src\tools\Rhisis.CLI\Rhisis.CLI.csproj", "{7845D6A8-4B5B-4DBF-9991-628488BF6ACA}"
EndProject
Project("{FAE04EC0-301F-11D3-BF4B-00C04F79EFBC}") = "Rhisis.Installer", "src\tools\Rhisis.Installer\Rhisis.Installer.csproj", "{8EF0988E-C4FC-4E5A-9EA4-C7E720CF24AC}"
EndProject
Project("{FAE04EC0-301F-11D3-BF4B-00C04F79EFBC}") = "Rhisis.Tools.Core", "src\tools\Rhisis.Tools.Core\Rhisis.Tools.Core.csproj", "{BEC2AFBB-87F5-46C8-A75C-0191614B7707}"
EndProject
Project("{FAE04EC0-301F-11D3-BF4B-00C04F79EFBC}") = "Rhisis.Admin", "src\Rhisis.Admin\Rhisis.Admin.csproj", "{4C8333DA-2150-4CB0-A6C9-F6F458F80F61}"
EndProject
Global
	GlobalSection(SolutionConfigurationPlatforms) = preSolution
		Debug|Any CPU = Debug|Any CPU
		Release|Any CPU = Release|Any CPU
	EndGlobalSection
	GlobalSection(ProjectConfigurationPlatforms) = postSolution
		{7064124A-C71A-4A0F-8A94-31A93F0F9F35}.Debug|Any CPU.ActiveCfg = Debug|Any CPU
		{7064124A-C71A-4A0F-8A94-31A93F0F9F35}.Debug|Any CPU.Build.0 = Debug|Any CPU
		{7064124A-C71A-4A0F-8A94-31A93F0F9F35}.Release|Any CPU.ActiveCfg = Release|Any CPU
		{7064124A-C71A-4A0F-8A94-31A93F0F9F35}.Release|Any CPU.Build.0 = Release|Any CPU
		{8E25C9DB-9DE2-4198-83A0-1F37CAEC14A7}.Debug|Any CPU.ActiveCfg = Debug|Any CPU
		{8E25C9DB-9DE2-4198-83A0-1F37CAEC14A7}.Debug|Any CPU.Build.0 = Debug|Any CPU
		{8E25C9DB-9DE2-4198-83A0-1F37CAEC14A7}.Release|Any CPU.ActiveCfg = Release|Any CPU
		{8E25C9DB-9DE2-4198-83A0-1F37CAEC14A7}.Release|Any CPU.Build.0 = Release|Any CPU
		{FBE66FAC-A0D2-41C4-BF57-ABA3515DBCFA}.Debug|Any CPU.ActiveCfg = Debug|Any CPU
		{FBE66FAC-A0D2-41C4-BF57-ABA3515DBCFA}.Debug|Any CPU.Build.0 = Debug|Any CPU
		{FBE66FAC-A0D2-41C4-BF57-ABA3515DBCFA}.Release|Any CPU.ActiveCfg = Release|Any CPU
		{FBE66FAC-A0D2-41C4-BF57-ABA3515DBCFA}.Release|Any CPU.Build.0 = Release|Any CPU
		{90EC02CB-0215-402D-8813-F5DF2D3C040F}.Debug|Any CPU.ActiveCfg = Debug|Any CPU
		{90EC02CB-0215-402D-8813-F5DF2D3C040F}.Debug|Any CPU.Build.0 = Debug|Any CPU
		{90EC02CB-0215-402D-8813-F5DF2D3C040F}.Release|Any CPU.ActiveCfg = Release|Any CPU
		{90EC02CB-0215-402D-8813-F5DF2D3C040F}.Release|Any CPU.Build.0 = Release|Any CPU
		{BCEBC9E7-33D1-48D6-9760-8EB582FF631B}.Debug|Any CPU.ActiveCfg = Debug|Any CPU
		{BCEBC9E7-33D1-48D6-9760-8EB582FF631B}.Debug|Any CPU.Build.0 = Debug|Any CPU
		{BCEBC9E7-33D1-48D6-9760-8EB582FF631B}.Release|Any CPU.ActiveCfg = Release|Any CPU
		{BCEBC9E7-33D1-48D6-9760-8EB582FF631B}.Release|Any CPU.Build.0 = Release|Any CPU
		{F02CEA01-3C7D-44EA-8662-7E922868C26C}.Debug|Any CPU.ActiveCfg = Debug|Any CPU
		{F02CEA01-3C7D-44EA-8662-7E922868C26C}.Debug|Any CPU.Build.0 = Debug|Any CPU
		{F02CEA01-3C7D-44EA-8662-7E922868C26C}.Release|Any CPU.ActiveCfg = Release|Any CPU
		{F02CEA01-3C7D-44EA-8662-7E922868C26C}.Release|Any CPU.Build.0 = Release|Any CPU
		{FEB2159B-A891-4129-9E4A-76063E5AD05A}.Debug|Any CPU.ActiveCfg = Debug|Any CPU
		{FEB2159B-A891-4129-9E4A-76063E5AD05A}.Debug|Any CPU.Build.0 = Debug|Any CPU
		{FEB2159B-A891-4129-9E4A-76063E5AD05A}.Release|Any CPU.ActiveCfg = Release|Any CPU
		{FEB2159B-A891-4129-9E4A-76063E5AD05A}.Release|Any CPU.Build.0 = Release|Any CPU
		{7845D6A8-4B5B-4DBF-9991-628488BF6ACA}.Debug|Any CPU.ActiveCfg = Debug|Any CPU
		{7845D6A8-4B5B-4DBF-9991-628488BF6ACA}.Debug|Any CPU.Build.0 = Debug|Any CPU
		{7845D6A8-4B5B-4DBF-9991-628488BF6ACA}.Release|Any CPU.ActiveCfg = Release|Any CPU
		{7845D6A8-4B5B-4DBF-9991-628488BF6ACA}.Release|Any CPU.Build.0 = Release|Any CPU
		{8EF0988E-C4FC-4E5A-9EA4-C7E720CF24AC}.Debug|Any CPU.ActiveCfg = Debug|Any CPU
		{8EF0988E-C4FC-4E5A-9EA4-C7E720CF24AC}.Debug|Any CPU.Build.0 = Debug|Any CPU
		{8EF0988E-C4FC-4E5A-9EA4-C7E720CF24AC}.Release|Any CPU.ActiveCfg = Release|Any CPU
		{8EF0988E-C4FC-4E5A-9EA4-C7E720CF24AC}.Release|Any CPU.Build.0 = Release|Any CPU
		{BEC2AFBB-87F5-46C8-A75C-0191614B7707}.Debug|Any CPU.ActiveCfg = Debug|Any CPU
		{BEC2AFBB-87F5-46C8-A75C-0191614B7707}.Debug|Any CPU.Build.0 = Debug|Any CPU
		{BEC2AFBB-87F5-46C8-A75C-0191614B7707}.Release|Any CPU.ActiveCfg = Release|Any CPU
		{BEC2AFBB-87F5-46C8-A75C-0191614B7707}.Release|Any CPU.Build.0 = Release|Any CPU
		{4C8333DA-2150-4CB0-A6C9-F6F458F80F61}.Debug|Any CPU.ActiveCfg = Debug|Any CPU
		{4C8333DA-2150-4CB0-A6C9-F6F458F80F61}.Debug|Any CPU.Build.0 = Debug|Any CPU
		{4C8333DA-2150-4CB0-A6C9-F6F458F80F61}.Release|Any CPU.ActiveCfg = Release|Any CPU
		{4C8333DA-2150-4CB0-A6C9-F6F458F80F61}.Release|Any CPU.Build.0 = Release|Any CPU
	EndGlobalSection
	GlobalSection(SolutionProperties) = preSolution
		HideSolutionNode = FALSE
	EndGlobalSection
	GlobalSection(NestedProjects) = preSolution
		{7064124A-C71A-4A0F-8A94-31A93F0F9F35} = {CC42CC8A-A3BC-4913-90A0-1AF2213A870F}
		{8E25C9DB-9DE2-4198-83A0-1F37CAEC14A7} = {CC42CC8A-A3BC-4913-90A0-1AF2213A870F}
		{FBE66FAC-A0D2-41C4-BF57-ABA3515DBCFA} = {CC42CC8A-A3BC-4913-90A0-1AF2213A870F}
		{90EC02CB-0215-402D-8813-F5DF2D3C040F} = {CC42CC8A-A3BC-4913-90A0-1AF2213A870F}
		{BCEBC9E7-33D1-48D6-9760-8EB582FF631B} = {CC42CC8A-A3BC-4913-90A0-1AF2213A870F}
		{F02CEA01-3C7D-44EA-8662-7E922868C26C} = {696B755D-111E-4A7D-8AB8-AD4CA07E9213}
		{FEB2159B-A891-4129-9E4A-76063E5AD05A} = {696B755D-111E-4A7D-8AB8-AD4CA07E9213}
		{33862335-9BF3-4985-81B2-4136B4CAB46C} = {CC42CC8A-A3BC-4913-90A0-1AF2213A870F}
		{7845D6A8-4B5B-4DBF-9991-628488BF6ACA} = {33862335-9BF3-4985-81B2-4136B4CAB46C}
		{8EF0988E-C4FC-4E5A-9EA4-C7E720CF24AC} = {33862335-9BF3-4985-81B2-4136B4CAB46C}
		{BEC2AFBB-87F5-46C8-A75C-0191614B7707} = {33862335-9BF3-4985-81B2-4136B4CAB46C}
		{4C8333DA-2150-4CB0-A6C9-F6F458F80F61} = {CC42CC8A-A3BC-4913-90A0-1AF2213A870F}
	EndGlobalSection
	GlobalSection(ExtensibilityGlobals) = postSolution
		SolutionGuid = {B573C179-78E3-4F7B-8CFB-289754036BBA}
	EndGlobalSection
EndGlobal
