
Microsoft Visual Studio Solution File, Format Version 12.00
# Visual Studio 15
VisualStudioVersion = 15.0.28010.2050
MinimumVisualStudioVersion = 10.0.40219.1
Project("{2150E333-8FDC-42A3-9474-1A3956D46DE8}") = "src", "src", "{864367FB-83F9-4F01-BDCA-75CE499368E1}"
EndProject
Project("{9A19103F-16F7-4668-BE54-9A1E7A4F7556}") = "Rhisis.Core", "src\Rhisis.Core\Rhisis.Core.csproj", "{93662274-907B-494B-8D0F-A6C70D3D7D16}"
EndProject
Project("{9A19103F-16F7-4668-BE54-9A1E7A4F7556}") = "Rhisis.Database", "src\Rhisis.Database\Rhisis.Database.csproj", "{3BE95BD7-2832-48C8-8BBE-84A8F740938B}"
EndProject
Project("{FAE04EC0-301F-11D3-BF4B-00C04F79EFBC}") = "Rhisis.Tools.Core", "src\tools\Rhisis.Tools.Core\Rhisis.Tools.Core.csproj", "{BEC2AFBB-87F5-46C8-A75C-0191614B7707}"
EndProject
Project("{FAE04EC0-301F-11D3-BF4B-00C04F79EFBC}") = "Rhisis.Installer", "src\tools\Rhisis.Installer\Rhisis.Installer.csproj", "{8EF0988E-C4FC-4E5A-9EA4-C7E720CF24AC}"
EndProject
Project("{9A19103F-16F7-4668-BE54-9A1E7A4F7556}") = "Rhisis.CLI", "src\tools\Rhisis.CLI\Rhisis.CLI.csproj", "{F1CD0094-60BA-48EC-B4DE-9FDB19D72D4F}"
EndProject
Global
	GlobalSection(SolutionConfigurationPlatforms) = preSolution
		Debug|Any CPU = Debug|Any CPU
		Release|Any CPU = Release|Any CPU
	EndGlobalSection
	GlobalSection(ProjectConfigurationPlatforms) = postSolution
		{93662274-907B-494B-8D0F-A6C70D3D7D16}.Debug|Any CPU.ActiveCfg = Debug|Any CPU
		{93662274-907B-494B-8D0F-A6C70D3D7D16}.Debug|Any CPU.Build.0 = Debug|Any CPU
		{93662274-907B-494B-8D0F-A6C70D3D7D16}.Release|Any CPU.ActiveCfg = Release|Any CPU
		{93662274-907B-494B-8D0F-A6C70D3D7D16}.Release|Any CPU.Build.0 = Release|Any CPU
		{3BE95BD7-2832-48C8-8BBE-84A8F740938B}.Debug|Any CPU.ActiveCfg = Debug|Any CPU
		{3BE95BD7-2832-48C8-8BBE-84A8F740938B}.Debug|Any CPU.Build.0 = Debug|Any CPU
		{3BE95BD7-2832-48C8-8BBE-84A8F740938B}.Release|Any CPU.ActiveCfg = Release|Any CPU
		{3BE95BD7-2832-48C8-8BBE-84A8F740938B}.Release|Any CPU.Build.0 = Release|Any CPU
		{BEC2AFBB-87F5-46C8-A75C-0191614B7707}.Debug|Any CPU.ActiveCfg = Debug|Any CPU
		{BEC2AFBB-87F5-46C8-A75C-0191614B7707}.Debug|Any CPU.Build.0 = Debug|Any CPU
		{BEC2AFBB-87F5-46C8-A75C-0191614B7707}.Release|Any CPU.ActiveCfg = Release|Any CPU
		{BEC2AFBB-87F5-46C8-A75C-0191614B7707}.Release|Any CPU.Build.0 = Release|Any CPU
		{8EF0988E-C4FC-4E5A-9EA4-C7E720CF24AC}.Debug|Any CPU.ActiveCfg = Debug|Any CPU
		{8EF0988E-C4FC-4E5A-9EA4-C7E720CF24AC}.Debug|Any CPU.Build.0 = Debug|Any CPU
		{8EF0988E-C4FC-4E5A-9EA4-C7E720CF24AC}.Release|Any CPU.ActiveCfg = Release|Any CPU
		{8EF0988E-C4FC-4E5A-9EA4-C7E720CF24AC}.Release|Any CPU.Build.0 = Release|Any CPU
		{F1CD0094-60BA-48EC-B4DE-9FDB19D72D4F}.Debug|Any CPU.ActiveCfg = Debug|Any CPU
		{F1CD0094-60BA-48EC-B4DE-9FDB19D72D4F}.Debug|Any CPU.Build.0 = Debug|Any CPU
		{F1CD0094-60BA-48EC-B4DE-9FDB19D72D4F}.Release|Any CPU.ActiveCfg = Release|Any CPU
		{F1CD0094-60BA-48EC-B4DE-9FDB19D72D4F}.Release|Any CPU.Build.0 = Release|Any CPU
	EndGlobalSection
	GlobalSection(SolutionProperties) = preSolution
		HideSolutionNode = FALSE
	EndGlobalSection
	GlobalSection(NestedProjects) = preSolution
		{93662274-907B-494B-8D0F-A6C70D3D7D16} = {864367FB-83F9-4F01-BDCA-75CE499368E1}
		{3BE95BD7-2832-48C8-8BBE-84A8F740938B} = {864367FB-83F9-4F01-BDCA-75CE499368E1}
		{BEC2AFBB-87F5-46C8-A75C-0191614B7707} = {864367FB-83F9-4F01-BDCA-75CE499368E1}
		{8EF0988E-C4FC-4E5A-9EA4-C7E720CF24AC} = {864367FB-83F9-4F01-BDCA-75CE499368E1}
		{F1CD0094-60BA-48EC-B4DE-9FDB19D72D4F} = {864367FB-83F9-4F01-BDCA-75CE499368E1}
	EndGlobalSection
	GlobalSection(ExtensibilityGlobals) = postSolution
		SolutionGuid = {DD605A36-B1B8-4399-981A-F28A3832A788}
	EndGlobalSection
EndGlobal
