
Microsoft Visual Studio Solution File, Format Version 12.00
# Visual Studio Version 16
VisualStudioVersion = 16.0.29102.190
MinimumVisualStudioVersion = 10.0.40219.1
Project("{2150E333-8FDC-42A3-9474-1A3956D46DE8}") = "src", "src", "{CC42CC8A-A3BC-4913-90A0-1AF2213A870F}"
EndProject
Project("{2150E333-8FDC-42A3-9474-1A3956D46DE8}") = "global", "global", "{4DB760CF-B8F8-44F5-A674-6FBD19961D8C}"
	ProjectSection(SolutionItems) = preProject
		.gitattributes = .gitattributes
		.gitignore = .gitignore
		.travis.yml = .travis.yml
		CHANGELOG.md = CHANGELOG.md
		CONTRIBUTING.md = CONTRIBUTING.md
		LICENSE = LICENSE
		README.md = README.md
	EndProjectSection
EndProject
Project("{9A19103F-16F7-4668-BE54-9A1E7A4F7556}") = "Rhisis.Core", "src\Rhisis.Core\Rhisis.Core.csproj", "{8E25C9DB-9DE2-4198-83A0-1F37CAEC14A7}"
EndProject
Project("{9A19103F-16F7-4668-BE54-9A1E7A4F7556}") = "Rhisis.Database", "src\Rhisis.Database\Rhisis.Database.csproj", "{BCEBC9E7-33D1-48D6-9760-8EB582FF631B}"
EndProject
Project("{2150E333-8FDC-42A3-9474-1A3956D46DE8}") = "test", "test", "{696B755D-111E-4A7D-8AB8-AD4CA07E9213}"
EndProject
Project("{9A19103F-16F7-4668-BE54-9A1E7A4F7556}") = "Rhisis.Core.Tests", "test\Rhisis.Core.Tests\Rhisis.Core.Tests.csproj", "{F02CEA01-3C7D-44EA-8662-7E922868C26C}"
EndProject
Project("{9A19103F-16F7-4668-BE54-9A1E7A4F7556}") = "Rhisis.Network", "src\Rhisis.Network\Rhisis.Network.csproj", "{E86BCFF0-FCCF-441C-B153-B227A086DBC3}"
EndProject
Project("{2150E333-8FDC-42A3-9474-1A3956D46DE8}") = "servers", "servers", "{F0ABF24E-EABD-439A-9DEF-4312C52A4667}"
EndProject
Project("{2150E333-8FDC-42A3-9474-1A3956D46DE8}") = "tools", "tools", "{71FDF288-69F8-4ACD-9725-2430D8E6728F}"
EndProject
Project("{9A19103F-16F7-4668-BE54-9A1E7A4F7556}") = "Rhisis.CLI", "src\Rhisis.CLI\Rhisis.CLI.csproj", "{B15F1A11-06E6-483E-AF7B-E54E35DE6EBC}"
EndProject
Project("{9A19103F-16F7-4668-BE54-9A1E7A4F7556}") = "Rhisis.Login.Tests", "test\Rhisis.Login.Tests\Rhisis.Login.Tests.csproj", "{964DE843-320C-412C-9EA3-68F21E8B8471}"
EndProject
Project("{9A19103F-16F7-4668-BE54-9A1E7A4F7556}") = "Rhisis.Cluster.Tests", "test\Rhisis.Cluster.Tests\Rhisis.Cluster.Tests.csproj", "{4400ABEE-BC3C-4AA3-ADB3-71D3AF3C51E0}"
EndProject
Project("{9A19103F-16F7-4668-BE54-9A1E7A4F7556}") = "Rhisis.World.Tests", "test\Rhisis.World.Tests\Rhisis.World.Tests.csproj", "{D972B66E-51E0-442D-AA29-5F78090EBB86}"
EndProject
Project("{9A19103F-16F7-4668-BE54-9A1E7A4F7556}") = "Rhisis.Scripting", "src\Rhisis.Scripting\Rhisis.Scripting.csproj", "{28B8CF39-9385-4794-9614-9762A02ED66D}"
EndProject
Project("{9A19103F-16F7-4668-BE54-9A1E7A4F7556}") = "Rhisis.Testing", "test\Rhisis.Testing\Rhisis.Testing.csproj", "{D76C60D9-9859-4B92-8574-074B1EEE7FEA}"
EndProject
Project("{9A19103F-16F7-4668-BE54-9A1E7A4F7556}") = "Rhisis.Game.Abstractions", "src\Rhisis.Game.Abstractions\Rhisis.Game.Abstractions.csproj", "{EE9DC9E7-A1D1-42BB-B8F1-CA12E982ECCB}"
EndProject
Project("{9A19103F-16F7-4668-BE54-9A1E7A4F7556}") = "Rhisis.Game", "src\Rhisis.Game\Rhisis.Game.csproj", "{E789E90D-60AA-4816-A58D-4135E68BBD70}"
EndProject
Project("{9A19103F-16F7-4668-BE54-9A1E7A4F7556}") = "Rhisis.Game.Common", "src\Rhisis.Game.Common\Rhisis.Game.Common.csproj", "{82B3B54C-B52F-4A46-B0DE-6F9323BC39ED}"
EndProject
Project("{E53339B2-1760-4266-BCC7-CA923CBCF16C}") = "docker-compose", "docker-compose.dcproj", "{DBCED8A2-EEC4-4989-9872-03551A97F6D9}"
EndProject
Project("{9A19103F-16F7-4668-BE54-9A1E7A4F7556}") = "Rhisis.LoginServer", "src\Rhisis.LoginServer\Rhisis.LoginServer.csproj", "{264A306A-A989-4B89-8273-E444B79B59C6}"
EndProject
Project("{9A19103F-16F7-4668-BE54-9A1E7A4F7556}") = "Rhisis.WorldServer", "src\Rhisis.WorldServer\Rhisis.WorldServer.csproj", "{36F5E6D3-2AEC-4EEA-9052-BED1E8C883CE}"
EndProject
Project("{9A19103F-16F7-4668-BE54-9A1E7A4F7556}") = "Rhisis.ClusterServer", "src\Rhisis.ClusterServer\Rhisis.ClusterServer.csproj", "{6D99DDA4-3132-49ED-8533-057CEC3D48B0}"
EndProject
Project("{FAE04EC0-301F-11D3-BF4B-00C04F79EFBC}") = "Rhisis.Redis", "src\Rhisis.Redis\Rhisis.Redis.csproj", "{6C0CB974-1A11-4A97-8995-8C5388111156}"
EndProject
Global
	GlobalSection(SolutionConfigurationPlatforms) = preSolution
		Debug|Any CPU = Debug|Any CPU
		Release|Any CPU = Release|Any CPU
	EndGlobalSection
	GlobalSection(ProjectConfigurationPlatforms) = postSolution
		{8E25C9DB-9DE2-4198-83A0-1F37CAEC14A7}.Debug|Any CPU.ActiveCfg = Debug|Any CPU
		{8E25C9DB-9DE2-4198-83A0-1F37CAEC14A7}.Debug|Any CPU.Build.0 = Debug|Any CPU
		{8E25C9DB-9DE2-4198-83A0-1F37CAEC14A7}.Release|Any CPU.ActiveCfg = Release|Any CPU
		{8E25C9DB-9DE2-4198-83A0-1F37CAEC14A7}.Release|Any CPU.Build.0 = Release|Any CPU
		{BCEBC9E7-33D1-48D6-9760-8EB582FF631B}.Debug|Any CPU.ActiveCfg = Debug|Any CPU
		{BCEBC9E7-33D1-48D6-9760-8EB582FF631B}.Debug|Any CPU.Build.0 = Debug|Any CPU
		{BCEBC9E7-33D1-48D6-9760-8EB582FF631B}.Release|Any CPU.ActiveCfg = Release|Any CPU
		{BCEBC9E7-33D1-48D6-9760-8EB582FF631B}.Release|Any CPU.Build.0 = Release|Any CPU
		{F02CEA01-3C7D-44EA-8662-7E922868C26C}.Debug|Any CPU.ActiveCfg = Debug|Any CPU
		{F02CEA01-3C7D-44EA-8662-7E922868C26C}.Debug|Any CPU.Build.0 = Debug|Any CPU
		{F02CEA01-3C7D-44EA-8662-7E922868C26C}.Release|Any CPU.ActiveCfg = Release|Any CPU
		{F02CEA01-3C7D-44EA-8662-7E922868C26C}.Release|Any CPU.Build.0 = Release|Any CPU
		{E86BCFF0-FCCF-441C-B153-B227A086DBC3}.Debug|Any CPU.ActiveCfg = Debug|Any CPU
		{E86BCFF0-FCCF-441C-B153-B227A086DBC3}.Debug|Any CPU.Build.0 = Debug|Any CPU
		{E86BCFF0-FCCF-441C-B153-B227A086DBC3}.Release|Any CPU.ActiveCfg = Release|Any CPU
		{E86BCFF0-FCCF-441C-B153-B227A086DBC3}.Release|Any CPU.Build.0 = Release|Any CPU
		{B15F1A11-06E6-483E-AF7B-E54E35DE6EBC}.Debug|Any CPU.ActiveCfg = Debug|Any CPU
		{B15F1A11-06E6-483E-AF7B-E54E35DE6EBC}.Debug|Any CPU.Build.0 = Debug|Any CPU
		{B15F1A11-06E6-483E-AF7B-E54E35DE6EBC}.Release|Any CPU.ActiveCfg = Release|Any CPU
		{B15F1A11-06E6-483E-AF7B-E54E35DE6EBC}.Release|Any CPU.Build.0 = Release|Any CPU
		{964DE843-320C-412C-9EA3-68F21E8B8471}.Debug|Any CPU.ActiveCfg = Debug|Any CPU
		{964DE843-320C-412C-9EA3-68F21E8B8471}.Debug|Any CPU.Build.0 = Debug|Any CPU
		{964DE843-320C-412C-9EA3-68F21E8B8471}.Release|Any CPU.ActiveCfg = Release|Any CPU
		{964DE843-320C-412C-9EA3-68F21E8B8471}.Release|Any CPU.Build.0 = Release|Any CPU
		{4400ABEE-BC3C-4AA3-ADB3-71D3AF3C51E0}.Debug|Any CPU.ActiveCfg = Debug|Any CPU
		{4400ABEE-BC3C-4AA3-ADB3-71D3AF3C51E0}.Debug|Any CPU.Build.0 = Debug|Any CPU
		{4400ABEE-BC3C-4AA3-ADB3-71D3AF3C51E0}.Release|Any CPU.ActiveCfg = Release|Any CPU
		{4400ABEE-BC3C-4AA3-ADB3-71D3AF3C51E0}.Release|Any CPU.Build.0 = Release|Any CPU
		{D972B66E-51E0-442D-AA29-5F78090EBB86}.Debug|Any CPU.ActiveCfg = Debug|Any CPU
		{D972B66E-51E0-442D-AA29-5F78090EBB86}.Debug|Any CPU.Build.0 = Debug|Any CPU
		{D972B66E-51E0-442D-AA29-5F78090EBB86}.Release|Any CPU.ActiveCfg = Release|Any CPU
		{D972B66E-51E0-442D-AA29-5F78090EBB86}.Release|Any CPU.Build.0 = Release|Any CPU
		{28B8CF39-9385-4794-9614-9762A02ED66D}.Debug|Any CPU.ActiveCfg = Debug|Any CPU
		{28B8CF39-9385-4794-9614-9762A02ED66D}.Debug|Any CPU.Build.0 = Debug|Any CPU
		{28B8CF39-9385-4794-9614-9762A02ED66D}.Release|Any CPU.ActiveCfg = Release|Any CPU
		{28B8CF39-9385-4794-9614-9762A02ED66D}.Release|Any CPU.Build.0 = Release|Any CPU
		{D76C60D9-9859-4B92-8574-074B1EEE7FEA}.Debug|Any CPU.ActiveCfg = Debug|Any CPU
		{D76C60D9-9859-4B92-8574-074B1EEE7FEA}.Debug|Any CPU.Build.0 = Debug|Any CPU
		{D76C60D9-9859-4B92-8574-074B1EEE7FEA}.Release|Any CPU.ActiveCfg = Release|Any CPU
		{D76C60D9-9859-4B92-8574-074B1EEE7FEA}.Release|Any CPU.Build.0 = Release|Any CPU
		{EE9DC9E7-A1D1-42BB-B8F1-CA12E982ECCB}.Debug|Any CPU.ActiveCfg = Debug|Any CPU
		{EE9DC9E7-A1D1-42BB-B8F1-CA12E982ECCB}.Debug|Any CPU.Build.0 = Debug|Any CPU
		{EE9DC9E7-A1D1-42BB-B8F1-CA12E982ECCB}.Release|Any CPU.ActiveCfg = Release|Any CPU
		{EE9DC9E7-A1D1-42BB-B8F1-CA12E982ECCB}.Release|Any CPU.Build.0 = Release|Any CPU
		{E789E90D-60AA-4816-A58D-4135E68BBD70}.Debug|Any CPU.ActiveCfg = Debug|Any CPU
		{E789E90D-60AA-4816-A58D-4135E68BBD70}.Debug|Any CPU.Build.0 = Debug|Any CPU
		{E789E90D-60AA-4816-A58D-4135E68BBD70}.Release|Any CPU.ActiveCfg = Release|Any CPU
		{E789E90D-60AA-4816-A58D-4135E68BBD70}.Release|Any CPU.Build.0 = Release|Any CPU
		{82B3B54C-B52F-4A46-B0DE-6F9323BC39ED}.Debug|Any CPU.ActiveCfg = Debug|Any CPU
		{82B3B54C-B52F-4A46-B0DE-6F9323BC39ED}.Debug|Any CPU.Build.0 = Debug|Any CPU
		{82B3B54C-B52F-4A46-B0DE-6F9323BC39ED}.Release|Any CPU.ActiveCfg = Release|Any CPU
		{82B3B54C-B52F-4A46-B0DE-6F9323BC39ED}.Release|Any CPU.Build.0 = Release|Any CPU
		{DBCED8A2-EEC4-4989-9872-03551A97F6D9}.Debug|Any CPU.ActiveCfg = Debug|Any CPU
		{DBCED8A2-EEC4-4989-9872-03551A97F6D9}.Debug|Any CPU.Build.0 = Debug|Any CPU
		{DBCED8A2-EEC4-4989-9872-03551A97F6D9}.Release|Any CPU.ActiveCfg = Release|Any CPU
		{DBCED8A2-EEC4-4989-9872-03551A97F6D9}.Release|Any CPU.Build.0 = Release|Any CPU
		{264A306A-A989-4B89-8273-E444B79B59C6}.Debug|Any CPU.ActiveCfg = Debug|Any CPU
		{264A306A-A989-4B89-8273-E444B79B59C6}.Debug|Any CPU.Build.0 = Debug|Any CPU
		{264A306A-A989-4B89-8273-E444B79B59C6}.Release|Any CPU.ActiveCfg = Release|Any CPU
		{264A306A-A989-4B89-8273-E444B79B59C6}.Release|Any CPU.Build.0 = Release|Any CPU
		{36F5E6D3-2AEC-4EEA-9052-BED1E8C883CE}.Debug|Any CPU.ActiveCfg = Debug|Any CPU
		{36F5E6D3-2AEC-4EEA-9052-BED1E8C883CE}.Debug|Any CPU.Build.0 = Debug|Any CPU
		{36F5E6D3-2AEC-4EEA-9052-BED1E8C883CE}.Release|Any CPU.ActiveCfg = Release|Any CPU
		{36F5E6D3-2AEC-4EEA-9052-BED1E8C883CE}.Release|Any CPU.Build.0 = Release|Any CPU
		{6D99DDA4-3132-49ED-8533-057CEC3D48B0}.Debug|Any CPU.ActiveCfg = Debug|Any CPU
		{6D99DDA4-3132-49ED-8533-057CEC3D48B0}.Debug|Any CPU.Build.0 = Debug|Any CPU
		{6D99DDA4-3132-49ED-8533-057CEC3D48B0}.Release|Any CPU.ActiveCfg = Release|Any CPU
		{6D99DDA4-3132-49ED-8533-057CEC3D48B0}.Release|Any CPU.Build.0 = Release|Any CPU
		{6C0CB974-1A11-4A97-8995-8C5388111156}.Debug|Any CPU.ActiveCfg = Debug|Any CPU
		{6C0CB974-1A11-4A97-8995-8C5388111156}.Debug|Any CPU.Build.0 = Debug|Any CPU
		{6C0CB974-1A11-4A97-8995-8C5388111156}.Release|Any CPU.ActiveCfg = Release|Any CPU
		{6C0CB974-1A11-4A97-8995-8C5388111156}.Release|Any CPU.Build.0 = Release|Any CPU
	EndGlobalSection
	GlobalSection(SolutionProperties) = preSolution
		HideSolutionNode = FALSE
	EndGlobalSection
	GlobalSection(NestedProjects) = preSolution
		{8E25C9DB-9DE2-4198-83A0-1F37CAEC14A7} = {CC42CC8A-A3BC-4913-90A0-1AF2213A870F}
		{BCEBC9E7-33D1-48D6-9760-8EB582FF631B} = {CC42CC8A-A3BC-4913-90A0-1AF2213A870F}
		{F02CEA01-3C7D-44EA-8662-7E922868C26C} = {696B755D-111E-4A7D-8AB8-AD4CA07E9213}
		{E86BCFF0-FCCF-441C-B153-B227A086DBC3} = {CC42CC8A-A3BC-4913-90A0-1AF2213A870F}
		{F0ABF24E-EABD-439A-9DEF-4312C52A4667} = {CC42CC8A-A3BC-4913-90A0-1AF2213A870F}
		{71FDF288-69F8-4ACD-9725-2430D8E6728F} = {CC42CC8A-A3BC-4913-90A0-1AF2213A870F}
		{B15F1A11-06E6-483E-AF7B-E54E35DE6EBC} = {71FDF288-69F8-4ACD-9725-2430D8E6728F}
		{964DE843-320C-412C-9EA3-68F21E8B8471} = {696B755D-111E-4A7D-8AB8-AD4CA07E9213}
		{4400ABEE-BC3C-4AA3-ADB3-71D3AF3C51E0} = {696B755D-111E-4A7D-8AB8-AD4CA07E9213}
		{D972B66E-51E0-442D-AA29-5F78090EBB86} = {696B755D-111E-4A7D-8AB8-AD4CA07E9213}
		{28B8CF39-9385-4794-9614-9762A02ED66D} = {CC42CC8A-A3BC-4913-90A0-1AF2213A870F}
		{D76C60D9-9859-4B92-8574-074B1EEE7FEA} = {696B755D-111E-4A7D-8AB8-AD4CA07E9213}
		{EE9DC9E7-A1D1-42BB-B8F1-CA12E982ECCB} = {CC42CC8A-A3BC-4913-90A0-1AF2213A870F}
		{E789E90D-60AA-4816-A58D-4135E68BBD70} = {CC42CC8A-A3BC-4913-90A0-1AF2213A870F}
		{82B3B54C-B52F-4A46-B0DE-6F9323BC39ED} = {CC42CC8A-A3BC-4913-90A0-1AF2213A870F}
		{264A306A-A989-4B89-8273-E444B79B59C6} = {F0ABF24E-EABD-439A-9DEF-4312C52A4667}
		{36F5E6D3-2AEC-4EEA-9052-BED1E8C883CE} = {F0ABF24E-EABD-439A-9DEF-4312C52A4667}
		{6D99DDA4-3132-49ED-8533-057CEC3D48B0} = {F0ABF24E-EABD-439A-9DEF-4312C52A4667}
		{6C0CB974-1A11-4A97-8995-8C5388111156} = {CC42CC8A-A3BC-4913-90A0-1AF2213A870F}
	EndGlobalSection
	GlobalSection(ExtensibilityGlobals) = postSolution
		SolutionGuid = {B573C179-78E3-4F7B-8CFB-289754036BBA}
	EndGlobalSection
EndGlobal
